
Microsoft Visual Studio Solution File, Format Version 12.00
# Visual Studio 15
VisualStudioVersion = 15.0.28010.2041
MinimumVisualStudioVersion = 10.0.40219.1
Project("{FAE04EC0-301F-11D3-BF4B-00C04F79EFBC}") = "Final Group Project", "Final Group Project\Final Group Project.csproj", "{562E044E-BDAD-4BD6-A128-0F744A3D1D6B}"
EndProject
Global
	GlobalSection(SolutionConfigurationPlatforms) = preSolution
		Debug|Any CPU = Debug|Any CPU
		Release|Any CPU = Release|Any CPU
	EndGlobalSection
	GlobalSection(ProjectConfigurationPlatforms) = postSolution
		{562E044E-BDAD-4BD6-A128-0F744A3D1D6B}.Debug|Any CPU.ActiveCfg = Debug|Any CPU
		{562E044E-BDAD-4BD6-A128-0F744A3D1D6B}.Debug|Any CPU.Build.0 = Debug|Any CPU
		{562E044E-BDAD-4BD6-A128-0F744A3D1D6B}.Release|Any CPU.ActiveCfg = Release|Any CPU
		{562E044E-BDAD-4BD6-A128-0F744A3D1D6B}.Release|Any CPU.Build.0 = Release|Any CPU
	EndGlobalSection
	GlobalSection(SolutionProperties) = preSolution
		HideSolutionNode = FALSE
	EndGlobalSection
	GlobalSection(ExtensibilityGlobals) = postSolution
		SolutionGuid = {3B5D2C2E-559C-4DDE-9CA1-E21A1EBD85EF}
	EndGlobalSection
EndGlobal
